// !$*UTF8*$!
{
	archiveVersion = 1;
	classes = {
	};
	objectVersion = 46;
	objects = {

/* Begin PBXBuildFile section */
		0D58451821C04115964BD21B /* libPods-QRContentMobilizer.a in Frameworks */ = {isa = PBXBuildFile; fileRef = 8E0FEA5265FE42598049B609 /* libPods-QRContentMobilizer.a */; };
		C097D28181CD43D98D4EB47E /* libPods-QRContentMobilizerTests.a in Frameworks */ = {isa = PBXBuildFile; fileRef = E6C29AE6750A481EB122D146 /* libPods-QRContentMobilizerTests.a */; };
		C9FF574818DC9458007E06B0 /* Foundation.framework in Frameworks */ = {isa = PBXBuildFile; fileRef = C9FF574718DC9458007E06B0 /* Foundation.framework */; };
		C9FF574A18DC9458007E06B0 /* CoreGraphics.framework in Frameworks */ = {isa = PBXBuildFile; fileRef = C9FF574918DC9458007E06B0 /* CoreGraphics.framework */; };
		C9FF574C18DC9458007E06B0 /* UIKit.framework in Frameworks */ = {isa = PBXBuildFile; fileRef = C9FF574B18DC9458007E06B0 /* UIKit.framework */; };
		C9FF575218DC9458007E06B0 /* InfoPlist.strings in Resources */ = {isa = PBXBuildFile; fileRef = C9FF575018DC9458007E06B0 /* InfoPlist.strings */; };
		C9FF575418DC9458007E06B0 /* main.m in Sources */ = {isa = PBXBuildFile; fileRef = C9FF575318DC9458007E06B0 /* main.m */; };
		C9FF575818DC9458007E06B0 /* QRAppDelegate.m in Sources */ = {isa = PBXBuildFile; fileRef = C9FF575718DC9458007E06B0 /* QRAppDelegate.m */; };
		C9FF575B18DC9458007E06B0 /* Main.storyboard in Resources */ = {isa = PBXBuildFile; fileRef = C9FF575918DC9458007E06B0 /* Main.storyboard */; };
		C9FF575E18DC9458007E06B0 /* QRViewController.m in Sources */ = {isa = PBXBuildFile; fileRef = C9FF575D18DC9458007E06B0 /* QRViewController.m */; };
		C9FF576018DC9458007E06B0 /* Images.xcassets in Resources */ = {isa = PBXBuildFile; fileRef = C9FF575F18DC9458007E06B0 /* Images.xcassets */; };
		C9FF576718DC945A007E06B0 /* XCTest.framework in Frameworks */ = {isa = PBXBuildFile; fileRef = C9FF576618DC945A007E06B0 /* XCTest.framework */; };
		C9FF576818DC945A007E06B0 /* Foundation.framework in Frameworks */ = {isa = PBXBuildFile; fileRef = C9FF574718DC9458007E06B0 /* Foundation.framework */; };
		C9FF576918DC945A007E06B0 /* UIKit.framework in Frameworks */ = {isa = PBXBuildFile; fileRef = C9FF574B18DC9458007E06B0 /* UIKit.framework */; };
		C9FF577118DC945A007E06B0 /* InfoPlist.strings in Resources */ = {isa = PBXBuildFile; fileRef = C9FF576F18DC945A007E06B0 /* InfoPlist.strings */; };
		C9FF577318DC945A007E06B0 /* QRContentMobilizerTests.m in Sources */ = {isa = PBXBuildFile; fileRef = C9FF577218DC945A007E06B0 /* QRContentMobilizerTests.m */; };
		C9FF578118DC94E0007E06B0 /* QRContentMobilizer.m in Sources */ = {isa = PBXBuildFile; fileRef = C9FF578018DC94E0007E06B0 /* QRContentMobilizer.m */; };
		C9FF578318DC94F9007E06B0 /* QRReadabilityParserTests.m in Sources */ = {isa = PBXBuildFile; fileRef = C9FF578218DC94F9007E06B0 /* QRReadabilityParserTests.m */; };
		C9FF578518DCF657007E06B0 /* Readable.podspec in Resources */ = {isa = PBXBuildFile; fileRef = C9FF578418DCF657007E06B0 /* Readable.podspec */; };
		C9FF578618DD09BF007E06B0 /* QRContentMobilizer.m in Sources */ = {isa = PBXBuildFile; fileRef = C9FF578018DC94E0007E06B0 /* QRContentMobilizer.m */; };
/* End PBXBuildFile section */

/* Begin PBXFileReference section */
		8E0FEA5265FE42598049B609 /* libPods-QRContentMobilizer.a */ = {isa = PBXFileReference; explicitFileType = archive.ar; includeInIndex = 0; path = "libPods-QRContentMobilizer.a"; sourceTree = BUILT_PRODUCTS_DIR; };
		C9FF574418DC9458007E06B0 /* QRContentMobilizer.app */ = {isa = PBXFileReference; explicitFileType = wrapper.application; includeInIndex = 0; path = QRContentMobilizer.app; sourceTree = BUILT_PRODUCTS_DIR; };
		C9FF574718DC9458007E06B0 /* Foundation.framework */ = {isa = PBXFileReference; lastKnownFileType = wrapper.framework; name = Foundation.framework; path = System/Library/Frameworks/Foundation.framework; sourceTree = SDKROOT; };
		C9FF574918DC9458007E06B0 /* CoreGraphics.framework */ = {isa = PBXFileReference; lastKnownFileType = wrapper.framework; name = CoreGraphics.framework; path = System/Library/Frameworks/CoreGraphics.framework; sourceTree = SDKROOT; };
		C9FF574B18DC9458007E06B0 /* UIKit.framework */ = {isa = PBXFileReference; lastKnownFileType = wrapper.framework; name = UIKit.framework; path = System/Library/Frameworks/UIKit.framework; sourceTree = SDKROOT; };
		C9FF574F18DC9458007E06B0 /* QRContentMobilizer-Info.plist */ = {isa = PBXFileReference; lastKnownFileType = text.plist.xml; path = "QRContentMobilizer-Info.plist"; sourceTree = "<group>"; };
		C9FF575118DC9458007E06B0 /* en */ = {isa = PBXFileReference; lastKnownFileType = text.plist.strings; name = en; path = en.lproj/InfoPlist.strings; sourceTree = "<group>"; };
		C9FF575318DC9458007E06B0 /* main.m */ = {isa = PBXFileReference; lastKnownFileType = sourcecode.c.objc; path = main.m; sourceTree = "<group>"; };
		C9FF575518DC9458007E06B0 /* QRContentMobilizer-Prefix.pch */ = {isa = PBXFileReference; lastKnownFileType = sourcecode.c.h; path = "QRContentMobilizer-Prefix.pch"; sourceTree = "<group>"; };
		C9FF575618DC9458007E06B0 /* QRAppDelegate.h */ = {isa = PBXFileReference; lastKnownFileType = sourcecode.c.h; path = QRAppDelegate.h; sourceTree = "<group>"; };
		C9FF575718DC9458007E06B0 /* QRAppDelegate.m */ = {isa = PBXFileReference; lastKnownFileType = sourcecode.c.objc; path = QRAppDelegate.m; sourceTree = "<group>"; };
		C9FF575A18DC9458007E06B0 /* Base */ = {isa = PBXFileReference; lastKnownFileType = file.storyboard; name = Base; path = Base.lproj/Main.storyboard; sourceTree = "<group>"; };
		C9FF575C18DC9458007E06B0 /* QRViewController.h */ = {isa = PBXFileReference; lastKnownFileType = sourcecode.c.h; path = QRViewController.h; sourceTree = "<group>"; };
		C9FF575D18DC9458007E06B0 /* QRViewController.m */ = {isa = PBXFileReference; lastKnownFileType = sourcecode.c.objc; path = QRViewController.m; sourceTree = "<group>"; };
		C9FF575F18DC9458007E06B0 /* Images.xcassets */ = {isa = PBXFileReference; lastKnownFileType = folder.assetcatalog; path = Images.xcassets; sourceTree = "<group>"; };
		C9FF576518DC945A007E06B0 /* QRContentMobilizerTests.xctest */ = {isa = PBXFileReference; explicitFileType = wrapper.cfbundle; includeInIndex = 0; path = QRContentMobilizerTests.xctest; sourceTree = BUILT_PRODUCTS_DIR; };
		C9FF576618DC945A007E06B0 /* XCTest.framework */ = {isa = PBXFileReference; lastKnownFileType = wrapper.framework; name = XCTest.framework; path = Library/Frameworks/XCTest.framework; sourceTree = DEVELOPER_DIR; };
		C9FF576E18DC945A007E06B0 /* QRContentMobilizerTests-Info.plist */ = {isa = PBXFileReference; lastKnownFileType = text.plist.xml; path = "QRContentMobilizerTests-Info.plist"; sourceTree = "<group>"; };
		C9FF577018DC945A007E06B0 /* en */ = {isa = PBXFileReference; lastKnownFileType = text.plist.strings; name = en; path = en.lproj/InfoPlist.strings; sourceTree = "<group>"; };
		C9FF577218DC945A007E06B0 /* QRContentMobilizerTests.m */ = {isa = PBXFileReference; lastKnownFileType = sourcecode.c.objc; path = QRContentMobilizerTests.m; sourceTree = "<group>"; };
		C9FF577F18DC94E0007E06B0 /* QRContentMobilizer.h */ = {isa = PBXFileReference; fileEncoding = 4; lastKnownFileType = sourcecode.c.h; path = QRContentMobilizer.h; sourceTree = "<group>"; };
		C9FF578018DC94E0007E06B0 /* QRContentMobilizer.m */ = {isa = PBXFileReference; fileEncoding = 4; lastKnownFileType = sourcecode.c.objc; path = QRContentMobilizer.m; sourceTree = "<group>"; };
		C9FF578218DC94F9007E06B0 /* QRReadabilityParserTests.m */ = {isa = PBXFileReference; fileEncoding = 4; lastKnownFileType = sourcecode.c.objc; path = QRReadabilityParserTests.m; sourceTree = "<group>"; };
		C9FF578418DCF657007E06B0 /* Readable.podspec */ = {isa = PBXFileReference; fileEncoding = 4; lastKnownFileType = text; path = Readable.podspec; sourceTree = SOURCE_ROOT; };
		CA9BF671372A49A68E4BD175 /* Pods-QRContentMobilizerTests.xcconfig */ = {isa = PBXFileReference; includeInIndex = 1; lastKnownFileType = text.xcconfig; name = "Pods-QRContentMobilizerTests.xcconfig"; path = "Pods/Pods-QRContentMobilizerTests.xcconfig"; sourceTree = "<group>"; };
		CBA36DDD3BFF49049CB263BD /* Pods-QRContentMobilizer.xcconfig */ = {isa = PBXFileReference; includeInIndex = 1; lastKnownFileType = text.xcconfig; name = "Pods-QRContentMobilizer.xcconfig"; path = "Pods/Pods-QRContentMobilizer.xcconfig"; sourceTree = "<group>"; };
		E6C29AE6750A481EB122D146 /* libPods-QRContentMobilizerTests.a */ = {isa = PBXFileReference; explicitFileType = archive.ar; includeInIndex = 0; path = "libPods-QRContentMobilizerTests.a"; sourceTree = BUILT_PRODUCTS_DIR; };
/* End PBXFileReference section */

/* Begin PBXFrameworksBuildPhase section */
		C9FF574118DC9458007E06B0 /* Frameworks */ = {
			isa = PBXFrameworksBuildPhase;
			buildActionMask = 2147483647;
			files = (
				C9FF574A18DC9458007E06B0 /* CoreGraphics.framework in Frameworks */,
				C9FF574C18DC9458007E06B0 /* UIKit.framework in Frameworks */,
				C9FF574818DC9458007E06B0 /* Foundation.framework in Frameworks */,
				0D58451821C04115964BD21B /* libPods-QRContentMobilizer.a in Frameworks */,
			);
			runOnlyForDeploymentPostprocessing = 0;
		};
		C9FF576218DC945A007E06B0 /* Frameworks */ = {
			isa = PBXFrameworksBuildPhase;
			buildActionMask = 2147483647;
			files = (
				C9FF576718DC945A007E06B0 /* XCTest.framework in Frameworks */,
				C9FF576918DC945A007E06B0 /* UIKit.framework in Frameworks */,
				C9FF576818DC945A007E06B0 /* Foundation.framework in Frameworks */,
				C097D28181CD43D98D4EB47E /* libPods-QRContentMobilizerTests.a in Frameworks */,
			);
			runOnlyForDeploymentPostprocessing = 0;
		};
/* End PBXFrameworksBuildPhase section */

/* Begin PBXGroup section */
		C9FF573B18DC9458007E06B0 = {
			isa = PBXGroup;
			children = (
				C9FF574D18DC9458007E06B0 /* QRContentMobilizer */,
				C9FF576C18DC945A007E06B0 /* QRContentMobilizerTests */,
				C9FF574618DC9458007E06B0 /* Frameworks */,
				C9FF574518DC9458007E06B0 /* Products */,
				C9FF578418DCF657007E06B0 /* Readable.podspec */,
				CBA36DDD3BFF49049CB263BD /* Pods-QRContentMobilizer.xcconfig */,
				CA9BF671372A49A68E4BD175 /* Pods-QRContentMobilizerTests.xcconfig */,
			);
			sourceTree = "<group>";
		};
		C9FF574518DC9458007E06B0 /* Products */ = {
			isa = PBXGroup;
			children = (
				C9FF574418DC9458007E06B0 /* QRContentMobilizer.app */,
				C9FF576518DC945A007E06B0 /* QRContentMobilizerTests.xctest */,
			);
			name = Products;
			sourceTree = "<group>";
		};
		C9FF574618DC9458007E06B0 /* Frameworks */ = {
			isa = PBXGroup;
			children = (
				C9FF574718DC9458007E06B0 /* Foundation.framework */,
				C9FF574918DC9458007E06B0 /* CoreGraphics.framework */,
				C9FF574B18DC9458007E06B0 /* UIKit.framework */,
				C9FF576618DC945A007E06B0 /* XCTest.framework */,
				8E0FEA5265FE42598049B609 /* libPods-QRContentMobilizer.a */,
				E6C29AE6750A481EB122D146 /* libPods-QRContentMobilizerTests.a */,
			);
			name = Frameworks;
			sourceTree = "<group>";
		};
		C9FF574D18DC9458007E06B0 /* QRContentMobilizer */ = {
			isa = PBXGroup;
			children = (
				C9FF575618DC9458007E06B0 /* QRAppDelegate.h */,
				C9FF575718DC9458007E06B0 /* QRAppDelegate.m */,
				C9FF575918DC9458007E06B0 /* Main.storyboard */,
				C9FF575C18DC9458007E06B0 /* QRViewController.h */,
				C9FF575D18DC9458007E06B0 /* QRViewController.m */,
				C9FF577F18DC94E0007E06B0 /* QRContentMobilizer.h */,
				C9FF578018DC94E0007E06B0 /* QRContentMobilizer.m */,
				C9FF575F18DC9458007E06B0 /* Images.xcassets */,
				C9FF574E18DC9458007E06B0 /* Supporting Files */,
			);
			path = QRContentMobilizer;
			sourceTree = "<group>";
		};
		C9FF574E18DC9458007E06B0 /* Supporting Files */ = {
			isa = PBXGroup;
			children = (
				C9FF574F18DC9458007E06B0 /* QRContentMobilizer-Info.plist */,
				C9FF575018DC9458007E06B0 /* InfoPlist.strings */,
				C9FF575318DC9458007E06B0 /* main.m */,
				C9FF575518DC9458007E06B0 /* QRContentMobilizer-Prefix.pch */,
			);
			name = "Supporting Files";
			sourceTree = "<group>";
		};
		C9FF576C18DC945A007E06B0 /* QRContentMobilizerTests */ = {
			isa = PBXGroup;
			children = (
				C9FF578218DC94F9007E06B0 /* QRReadabilityParserTests.m */,
				C9FF577218DC945A007E06B0 /* QRContentMobilizerTests.m */,
				C9FF576D18DC945A007E06B0 /* Supporting Files */,
			);
			path = QRContentMobilizerTests;
			sourceTree = "<group>";
		};
		C9FF576D18DC945A007E06B0 /* Supporting Files */ = {
			isa = PBXGroup;
			children = (
				C9FF576E18DC945A007E06B0 /* QRContentMobilizerTests-Info.plist */,
				C9FF576F18DC945A007E06B0 /* InfoPlist.strings */,
			);
			name = "Supporting Files";
			sourceTree = "<group>";
		};
/* End PBXGroup section */

/* Begin PBXNativeTarget section */
		C9FF574318DC9458007E06B0 /* QRContentMobilizer */ = {
			isa = PBXNativeTarget;
			buildConfigurationList = C9FF577618DC945A007E06B0 /* Build configuration list for PBXNativeTarget "QRContentMobilizer" */;
			buildPhases = (
				774E73DB64F9418BB1041A4B /* Check Pods Manifest.lock */,
				C9FF574018DC9458007E06B0 /* Sources */,
				C9FF574118DC9458007E06B0 /* Frameworks */,
				C9FF574218DC9458007E06B0 /* Resources */,
				99F8F83559E0471A9A22C75A /* Copy Pods Resources */,
			);
			buildRules = (
			);
			dependencies = (
			);
			name = QRContentMobilizer;
			productName = QRContentMobilizer;
			productReference = C9FF574418DC9458007E06B0 /* QRContentMobilizer.app */;
			productType = "com.apple.product-type.application";
		};
		C9FF576418DC945A007E06B0 /* QRContentMobilizerTests */ = {
			isa = PBXNativeTarget;
			buildConfigurationList = C9FF577918DC945A007E06B0 /* Build configuration list for PBXNativeTarget "QRContentMobilizerTests" */;
			buildPhases = (
				A4D940F4ECCF47159F9A23E2 /* Check Pods Manifest.lock */,
				C9FF576118DC945A007E06B0 /* Sources */,
				C9FF576218DC945A007E06B0 /* Frameworks */,
				C9FF576318DC945A007E06B0 /* Resources */,
				131BA49FC3D64A608F915E3D /* Copy Pods Resources */,
			);
			buildRules = (
			);
			dependencies = (
			);
			name = QRContentMobilizerTests;
			productName = QRContentMobilizerTests;
			productReference = C9FF576518DC945A007E06B0 /* QRContentMobilizerTests.xctest */;
			productType = "com.apple.product-type.bundle.unit-test";
		};
/* End PBXNativeTarget section */

/* Begin PBXProject section */
		C9FF573C18DC9458007E06B0 /* Project object */ = {
			isa = PBXProject;
			attributes = {
				CLASSPREFIX = QR;
				LastUpgradeCheck = 0510;
				ORGANIZATIONNAME = "Wojciech Czekalski";
				TargetAttributes = {
					C9FF576418DC945A007E06B0 = {
						TestTargetID = C9FF574318DC9458007E06B0;
					};
				};
			};
			buildConfigurationList = C9FF573F18DC9458007E06B0 /* Build configuration list for PBXProject "QRContentMobilizer" */;
			compatibilityVersion = "Xcode 3.2";
			developmentRegion = English;
			hasScannedForEncodings = 0;
			knownRegions = (
				en,
				Base,
			);
			mainGroup = C9FF573B18DC9458007E06B0;
			productRefGroup = C9FF574518DC9458007E06B0 /* Products */;
			projectDirPath = "";
			projectRoot = "";
			targets = (
				C9FF574318DC9458007E06B0 /* QRContentMobilizer */,
				C9FF576418DC945A007E06B0 /* QRContentMobilizerTests */,
			);
		};
/* End PBXProject section */

/* Begin PBXResourcesBuildPhase section */
		C9FF574218DC9458007E06B0 /* Resources */ = {
			isa = PBXResourcesBuildPhase;
			buildActionMask = 2147483647;
			files = (
				C9FF578518DCF657007E06B0 /* Readable.podspec in Resources */,
				C9FF576018DC9458007E06B0 /* Images.xcassets in Resources */,
				C9FF575218DC9458007E06B0 /* InfoPlist.strings in Resources */,
				C9FF575B18DC9458007E06B0 /* Main.storyboard in Resources */,
			);
			runOnlyForDeploymentPostprocessing = 0;
		};
		C9FF576318DC945A007E06B0 /* Resources */ = {
			isa = PBXResourcesBuildPhase;
			buildActionMask = 2147483647;
			files = (
				C9FF577118DC945A007E06B0 /* InfoPlist.strings in Resources */,
			);
			runOnlyForDeploymentPostprocessing = 0;
		};
/* End PBXResourcesBuildPhase section */

/* Begin PBXShellScriptBuildPhase section */
		131BA49FC3D64A608F915E3D /* Copy Pods Resources */ = {
			isa = PBXShellScriptBuildPhase;
			buildActionMask = 2147483647;
			files = (
			);
			inputPaths = (
			);
			name = "Copy Pods Resources";
			outputPaths = (
			);
			runOnlyForDeploymentPostprocessing = 0;
			shellPath = /bin/sh;
			shellScript = "\"${SRCROOT}/Pods/Pods-QRContentMobilizerTests-resources.sh\"\n";
			showEnvVarsInLog = 0;
		};
		774E73DB64F9418BB1041A4B /* Check Pods Manifest.lock */ = {
			isa = PBXShellScriptBuildPhase;
			buildActionMask = 2147483647;
			files = (
			);
			inputPaths = (
			);
			name = "Check Pods Manifest.lock";
			outputPaths = (
			);
			runOnlyForDeploymentPostprocessing = 0;
			shellPath = /bin/sh;
			shellScript = "diff \"${PODS_ROOT}/../Podfile.lock\" \"${PODS_ROOT}/Manifest.lock\" > /dev/null\nif [[ $? != 0 ]] ; then\n    cat << EOM\nerror: The sandbox is not in sync with the Podfile.lock. Run 'pod install' or update your CocoaPods installation.\nEOM\n    exit 1\nfi\n";
			showEnvVarsInLog = 0;
		};
		99F8F83559E0471A9A22C75A /* Copy Pods Resources */ = {
			isa = PBXShellScriptBuildPhase;
			buildActionMask = 2147483647;
			files = (
			);
			inputPaths = (
			);
			name = "Copy Pods Resources";
			outputPaths = (
			);
			runOnlyForDeploymentPostprocessing = 0;
			shellPath = /bin/sh;
			shellScript = "\"${SRCROOT}/Pods/Pods-QRContentMobilizer-resources.sh\"\n";
			showEnvVarsInLog = 0;
		};
		A4D940F4ECCF47159F9A23E2 /* Check Pods Manifest.lock */ = {
			isa = PBXShellScriptBuildPhase;
			buildActionMask = 2147483647;
			files = (
			);
			inputPaths = (
			);
			name = "Check Pods Manifest.lock";
			outputPaths = (
			);
			runOnlyForDeploymentPostprocessing = 0;
			shellPath = /bin/sh;
			shellScript = "diff \"${PODS_ROOT}/../Podfile.lock\" \"${PODS_ROOT}/Manifest.lock\" > /dev/null\nif [[ $? != 0 ]] ; then\n    cat << EOM\nerror: The sandbox is not in sync with the Podfile.lock. Run 'pod install' or update your CocoaPods installation.\nEOM\n    exit 1\nfi\n";
			showEnvVarsInLog = 0;
		};
/* End PBXShellScriptBuildPhase section */

/* Begin PBXSourcesBuildPhase section */
		C9FF574018DC9458007E06B0 /* Sources */ = {
			isa = PBXSourcesBuildPhase;
			buildActionMask = 2147483647;
			files = (
				C9FF575E18DC9458007E06B0 /* QRViewController.m in Sources */,
				C9FF575418DC9458007E06B0 /* main.m in Sources */,
				C9FF578118DC94E0007E06B0 /* QRContentMobilizer.m in Sources */,
				C9FF575818DC9458007E06B0 /* QRAppDelegate.m in Sources */,
			);
			runOnlyForDeploymentPostprocessing = 0;
		};
		C9FF576118DC945A007E06B0 /* Sources */ = {
			isa = PBXSourcesBuildPhase;
			buildActionMask = 2147483647;
			files = (
				C9FF578318DC94F9007E06B0 /* QRReadabilityParserTests.m in Sources */,
				C9FF577318DC945A007E06B0 /* QRContentMobilizerTests.m in Sources */,
				C9FF578618DD09BF007E06B0 /* QRContentMobilizer.m in Sources */,
			);
			runOnlyForDeploymentPostprocessing = 0;
		};
/* End PBXSourcesBuildPhase section */

/* Begin PBXVariantGroup section */
		C9FF575018DC9458007E06B0 /* InfoPlist.strings */ = {
			isa = PBXVariantGroup;
			children = (
				C9FF575118DC9458007E06B0 /* en */,
			);
			name = InfoPlist.strings;
			sourceTree = "<group>";
		};
		C9FF575918DC9458007E06B0 /* Main.storyboard */ = {
			isa = PBXVariantGroup;
			children = (
				C9FF575A18DC9458007E06B0 /* Base */,
			);
			name = Main.storyboard;
			sourceTree = "<group>";
		};
		C9FF576F18DC945A007E06B0 /* InfoPlist.strings */ = {
			isa = PBXVariantGroup;
			children = (
				C9FF577018DC945A007E06B0 /* en */,
			);
			name = InfoPlist.strings;
			sourceTree = "<group>";
		};
/* End PBXVariantGroup section */

/* Begin XCBuildConfiguration section */
		C9FF577418DC945A007E06B0 /* Debug */ = {
			isa = XCBuildConfiguration;
			buildSettings = {
				ALWAYS_SEARCH_USER_PATHS = NO;
				CLANG_CXX_LANGUAGE_STANDARD = "gnu++0x";
				CLANG_CXX_LIBRARY = "libc++";
				CLANG_ENABLE_MODULES = YES;
				CLANG_ENABLE_OBJC_ARC = YES;
				CLANG_WARN_BOOL_CONVERSION = YES;
				CLANG_WARN_CONSTANT_CONVERSION = YES;
				CLANG_WARN_DIRECT_OBJC_ISA_USAGE = YES_ERROR;
				CLANG_WARN_EMPTY_BODY = YES;
				CLANG_WARN_ENUM_CONVERSION = YES;
				CLANG_WARN_INT_CONVERSION = YES;
				CLANG_WARN_OBJC_ROOT_CLASS = YES_ERROR;
				CLANG_WARN__DUPLICATE_METHOD_MATCH = YES;
				"CODE_SIGN_IDENTITY[sdk=iphoneos*]" = "iPhone Developer";
				COPY_PHASE_STRIP = NO;
				GCC_C_LANGUAGE_STANDARD = gnu99;
				GCC_DYNAMIC_NO_PIC = NO;
				GCC_OPTIMIZATION_LEVEL = 0;
				GCC_PREPROCESSOR_DEFINITIONS = (
					"DEBUG=1",
					"$(inherited)",
				);
				GCC_SYMBOLS_PRIVATE_EXTERN = NO;
				GCC_WARN_64_TO_32_BIT_CONVERSION = YES;
				GCC_WARN_ABOUT_RETURN_TYPE = YES_ERROR;
				GCC_WARN_UNDECLARED_SELECTOR = YES;
				GCC_WARN_UNINITIALIZED_AUTOS = YES_AGGRESSIVE;
				GCC_WARN_UNUSED_FUNCTION = YES;
				GCC_WARN_UNUSED_VARIABLE = YES;
				IPHONEOS_DEPLOYMENT_TARGET = 7.0;
				ONLY_ACTIVE_ARCH = YES;
				SDKROOT = iphoneos;
			};
			name = Debug;
		};
		C9FF577518DC945A007E06B0 /* Release */ = {
			isa = XCBuildConfiguration;
			buildSettings = {
				ALWAYS_SEARCH_USER_PATHS = NO;
				CLANG_CXX_LANGUAGE_STANDARD = "gnu++0x";
				CLANG_CXX_LIBRARY = "libc++";
				CLANG_ENABLE_MODULES = YES;
				CLANG_ENABLE_OBJC_ARC = YES;
				CLANG_WARN_BOOL_CONVERSION = YES;
				CLANG_WARN_CONSTANT_CONVERSION = YES;
				CLANG_WARN_DIRECT_OBJC_ISA_USAGE = YES_ERROR;
				CLANG_WARN_EMPTY_BODY = YES;
				CLANG_WARN_ENUM_CONVERSION = YES;
				CLANG_WARN_INT_CONVERSION = YES;
				CLANG_WARN_OBJC_ROOT_CLASS = YES_ERROR;
				CLANG_WARN__DUPLICATE_METHOD_MATCH = YES;
				"CODE_SIGN_IDENTITY[sdk=iphoneos*]" = "iPhone Developer";
				COPY_PHASE_STRIP = YES;
				ENABLE_NS_ASSERTIONS = NO;
				GCC_C_LANGUAGE_STANDARD = gnu99;
				GCC_WARN_64_TO_32_BIT_CONVERSION = YES;
				GCC_WARN_ABOUT_RETURN_TYPE = YES_ERROR;
				GCC_WARN_UNDECLARED_SELECTOR = YES;
				GCC_WARN_UNINITIALIZED_AUTOS = YES_AGGRESSIVE;
				GCC_WARN_UNUSED_FUNCTION = YES;
				GCC_WARN_UNUSED_VARIABLE = YES;
				IPHONEOS_DEPLOYMENT_TARGET = 7.0;
				SDKROOT = iphoneos;
				VALIDATE_PRODUCT = YES;
			};
			name = Release;
		};
		C9FF577718DC945A007E06B0 /* Debug */ = {
			isa = XCBuildConfiguration;
			baseConfigurationReference = CBA36DDD3BFF49049CB263BD /* Pods-QRContentMobilizer.xcconfig */;
			buildSettings = {
				ASSETCATALOG_COMPILER_APPICON_NAME = AppIcon;
				ASSETCATALOG_COMPILER_LAUNCHIMAGE_NAME = LaunchImage;
				GCC_PRECOMPILE_PREFIX_HEADER = YES;
				GCC_PREFIX_HEADER = "QRContentMobilizer/QRContentMobilizer-Prefix.pch";
				INFOPLIST_FILE = "QRContentMobilizer/QRContentMobilizer-Info.plist";
				PRODUCT_NAME = "$(TARGET_NAME)";
				WRAPPER_EXTENSION = app;
			};
			name = Debug;
		};
		C9FF577818DC945A007E06B0 /* Release */ = {
			isa = XCBuildConfiguration;
			baseConfigurationReference = CBA36DDD3BFF49049CB263BD /* Pods-QRContentMobilizer.xcconfig */;
			buildSettings = {
				ASSETCATALOG_COMPILER_APPICON_NAME = AppIcon;
				ASSETCATALOG_COMPILER_LAUNCHIMAGE_NAME = LaunchImage;
				GCC_PRECOMPILE_PREFIX_HEADER = YES;
				GCC_PREFIX_HEADER = "QRContentMobilizer/QRContentMobilizer-Prefix.pch";
				INFOPLIST_FILE = "QRContentMobilizer/QRContentMobilizer-Info.plist";
				PRODUCT_NAME = "$(TARGET_NAME)";
				WRAPPER_EXTENSION = app;
			};
			name = Release;
		};
		C9FF577A18DC945A007E06B0 /* Debug */ = {
			isa = XCBuildConfiguration;
			baseConfigurationReference = CA9BF671372A49A68E4BD175 /* Pods-QRContentMobilizerTests.xcconfig */;
			buildSettings = {
				FRAMEWORK_SEARCH_PATHS = (
					"$(SDKROOT)/Developer/Library/Frameworks",
					"$(inherited)",
					"$(DEVELOPER_FRAMEWORKS_DIR)",
				);
				GCC_PRECOMPILE_PREFIX_HEADER = YES;
				GCC_PREFIX_HEADER = "QRContentMobilizer/QRContentMobilizer-Prefix.pch";
				GCC_PREPROCESSOR_DEFINITIONS = (
					"DEBUG=1",
					"$(inherited)",
				);
				INFOPLIST_FILE = "QRContentMobilizerTests/QRContentMobilizerTests-Info.plist";
				PRODUCT_NAME = "$(TARGET_NAME)";
				WRAPPER_EXTENSION = xctest;
			};
			name = Debug;
		};
		C9FF577B18DC945A007E06B0 /* Release */ = {
			isa = XCBuildConfiguration;
			baseConfigurationReference = CA9BF671372A49A68E4BD175 /* Pods-QRContentMobilizerTests.xcconfig */;
			buildSettings = {
				FRAMEWORK_SEARCH_PATHS = (
					"$(SDKROOT)/Developer/Library/Frameworks",
					"$(inherited)",
					"$(DEVELOPER_FRAMEWORKS_DIR)",
				);
				GCC_PRECOMPILE_PREFIX_HEADER = YES;
				GCC_PREFIX_HEADER = "QRContentMobilizer/QRContentMobilizer-Prefix.pch";
				INFOPLIST_FILE = "QRContentMobilizerTests/QRContentMobilizerTests-Info.plist";
				PRODUCT_NAME = "$(TARGET_NAME)";
				WRAPPER_EXTENSION = xctest;
			};
			name = Release;
		};
/* End XCBuildConfiguration section */

/* Begin XCConfigurationList section */
		C9FF573F18DC9458007E06B0 /* Build configuration list for PBXProject "QRContentMobilizer" */ = {
			isa = XCConfigurationList;
			buildConfigurations = (
				C9FF577418DC945A007E06B0 /* Debug */,
				C9FF577518DC945A007E06B0 /* Release */,
			);
			defaultConfigurationIsVisible = 0;
			defaultConfigurationName = Release;
		};
		C9FF577618DC945A007E06B0 /* Build configuration list for PBXNativeTarget "QRContentMobilizer" */ = {
			isa = XCConfigurationList;
			buildConfigurations = (
				C9FF577718DC945A007E06B0 /* Debug */,
				C9FF577818DC945A007E06B0 /* Release */,
			);
			defaultConfigurationIsVisible = 0;
			defaultConfigurationName = Release;
		};
		C9FF577918DC945A007E06B0 /* Build configuration list for PBXNativeTarget "QRContentMobilizerTests" */ = {
			isa = XCConfigurationList;
			buildConfigurations = (
				C9FF577A18DC945A007E06B0 /* Debug */,
				C9FF577B18DC945A007E06B0 /* Release */,
			);
			defaultConfigurationIsVisible = 0;
			defaultConfigurationName = Release;
		};
/* End XCConfigurationList section */
	};
	rootObject = C9FF573C18DC9458007E06B0 /* Project object */;
}
